
Microsoft Visual Studio Solution File, Format Version 12.00
# Visual Studio Version 16
VisualStudioVersion = 16.0.29519.181
MinimumVisualStudioVersion = 10.0.40219.1
Project("{FAE04EC0-301F-11D3-BF4B-00C04F79EFBC}") = "View", "View\View.csproj", "{DD928A58-AC9F-4AA8-A6DB-2F00D6776BAA}"
EndProject
Project("{FAE04EC0-301F-11D3-BF4B-00C04F79EFBC}") = "Model", "Model\Model.csproj", "{CE614B6C-1A7C-46BB-988E-9D9242030510}"
EndProject
Project("{FAE04EC0-301F-11D3-BF4B-00C04F79EFBC}") = "Controller", "Controller\Controller.csproj", "{D75EE135-B593-49F5-A195-3ED8628712EC}"
EndProject
Global
	GlobalSection(SolutionConfigurationPlatforms) = preSolution
		Debug|Any CPU = Debug|Any CPU
		Release|Any CPU = Release|Any CPU
	EndGlobalSection
	GlobalSection(ProjectConfigurationPlatforms) = postSolution
		{DD928A58-AC9F-4AA8-A6DB-2F00D6776BAA}.Debug|Any CPU.ActiveCfg = Debug|Any CPU
		{DD928A58-AC9F-4AA8-A6DB-2F00D6776BAA}.Debug|Any CPU.Build.0 = Debug|Any CPU
		{DD928A58-AC9F-4AA8-A6DB-2F00D6776BAA}.Release|Any CPU.ActiveCfg = Release|Any CPU
		{DD928A58-AC9F-4AA8-A6DB-2F00D6776BAA}.Release|Any CPU.Build.0 = Release|Any CPU
		{CE614B6C-1A7C-46BB-988E-9D9242030510}.Debug|Any CPU.ActiveCfg = Debug|Any CPU
		{CE614B6C-1A7C-46BB-988E-9D9242030510}.Debug|Any CPU.Build.0 = Debug|Any CPU
		{CE614B6C-1A7C-46BB-988E-9D9242030510}.Release|Any CPU.ActiveCfg = Release|Any CPU
		{CE614B6C-1A7C-46BB-988E-9D9242030510}.Release|Any CPU.Build.0 = Release|Any CPU
		{D75EE135-B593-49F5-A195-3ED8628712EC}.Debug|Any CPU.ActiveCfg = Debug|Any CPU
		{D75EE135-B593-49F5-A195-3ED8628712EC}.Debug|Any CPU.Build.0 = Debug|Any CPU
		{D75EE135-B593-49F5-A195-3ED8628712EC}.Release|Any CPU.ActiveCfg = Release|Any CPU
		{D75EE135-B593-49F5-A195-3ED8628712EC}.Release|Any CPU.Build.0 = Release|Any CPU
	EndGlobalSection
	GlobalSection(SolutionProperties) = preSolution
		HideSolutionNode = FALSE
	EndGlobalSection
	GlobalSection(ExtensibilityGlobals) = postSolution
		SolutionGuid = {374F883E-4E23-4DA6-BE72-EB725ECA0DD6}
	EndGlobalSection
EndGlobal
